
Microsoft Visual Studio Solution File, Format Version 12.00
# Visual Studio Version 16
VisualStudioVersion = 16.0.31911.196
MinimumVisualStudioVersion = 10.0.40219.1
Project("{9A19103F-16F7-4668-BE54-9A1E7A4F7556}") = "RandomRandomizer", "RandomRandomizer\RandomRandomizer.csproj", "{E1317C77-171F-412C-89F0-BFF1A83126EA}"
EndProject
Project("{9A19103F-16F7-4668-BE54-9A1E7A4F7556}") = "DataDumper", "DataDumper\DataDumper.csproj", "{AC307CA3-E187-43D1-995C-B4FC54E004E3}"
EndProject
Project("{9A19103F-16F7-4668-BE54-9A1E7A4F7556}") = "OnlyShowValidMonstersEvolution", "OnlyShowValidMonstersEvolution\OnlyShowValidMonstersEvolution.csproj", "{181B8755-9DFE-49DB-A2E6-349B07200225}"
EndProject
Project("{9A19103F-16F7-4668-BE54-9A1E7A4F7556}") = "DisplayUnhatchedEggs", "DisplayUnhatchedEggs\DisplayUnhatchedEggs.csproj", "{57346B1A-9BB5-40CE-B013-F3C1F922ADDF}"
EndProject
Global
	GlobalSection(SolutionConfigurationPlatforms) = preSolution
		Debug|Any CPU = Debug|Any CPU
		Release|Any CPU = Release|Any CPU
	EndGlobalSection
	GlobalSection(ProjectConfigurationPlatforms) = postSolution
		{E1317C77-171F-412C-89F0-BFF1A83126EA}.Debug|Any CPU.ActiveCfg = Debug|Any CPU
		{E1317C77-171F-412C-89F0-BFF1A83126EA}.Debug|Any CPU.Build.0 = Debug|Any CPU
		{E1317C77-171F-412C-89F0-BFF1A83126EA}.Release|Any CPU.ActiveCfg = Release|Any CPU
		{E1317C77-171F-412C-89F0-BFF1A83126EA}.Release|Any CPU.Build.0 = Release|Any CPU
		{AC307CA3-E187-43D1-995C-B4FC54E004E3}.Debug|Any CPU.ActiveCfg = Debug|Any CPU
		{AC307CA3-E187-43D1-995C-B4FC54E004E3}.Debug|Any CPU.Build.0 = Debug|Any CPU
		{AC307CA3-E187-43D1-995C-B4FC54E004E3}.Release|Any CPU.ActiveCfg = Release|Any CPU
		{AC307CA3-E187-43D1-995C-B4FC54E004E3}.Release|Any CPU.Build.0 = Release|Any CPU
		{181B8755-9DFE-49DB-A2E6-349B07200225}.Debug|Any CPU.ActiveCfg = Debug|Any CPU
		{181B8755-9DFE-49DB-A2E6-349B07200225}.Debug|Any CPU.Build.0 = Debug|Any CPU
		{181B8755-9DFE-49DB-A2E6-349B07200225}.Release|Any CPU.ActiveCfg = Release|Any CPU
		{181B8755-9DFE-49DB-A2E6-349B07200225}.Release|Any CPU.Build.0 = Release|Any CPU
		{57346B1A-9BB5-40CE-B013-F3C1F922ADDF}.Debug|Any CPU.ActiveCfg = Debug|Any CPU
		{57346B1A-9BB5-40CE-B013-F3C1F922ADDF}.Debug|Any CPU.Build.0 = Debug|Any CPU
		{57346B1A-9BB5-40CE-B013-F3C1F922ADDF}.Release|Any CPU.ActiveCfg = Release|Any CPU
		{57346B1A-9BB5-40CE-B013-F3C1F922ADDF}.Release|Any CPU.Build.0 = Release|Any CPU
	EndGlobalSection
	GlobalSection(SolutionProperties) = preSolution
		HideSolutionNode = FALSE
	EndGlobalSection
	GlobalSection(ExtensibilityGlobals) = postSolution
		SolutionGuid = {AA4854D2-6F02-4D60-9C33-1043A7937E5A}
	EndGlobalSection
EndGlobal
